
Microsoft Visual Studio Solution File, Format Version 12.00
# Visual Studio 15
VisualStudioVersion = 15.0.27428.2011
MinimumVisualStudioVersion = 10.0.40219.1
Project("{FAE04EC0-301F-11D3-BF4B-00C04F79EFBC}") = "popytka_Algorithma_Prima", "popytka_Algorithma_Prima\popytka_Algorithma_Prima.csproj", "{367A439C-BB4C-4A2C-BE78-5301EBAC678A}"
EndProject
Global
	GlobalSection(SolutionConfigurationPlatforms) = preSolution
		Debug|Any CPU = Debug|Any CPU
		Release|Any CPU = Release|Any CPU
	EndGlobalSection
	GlobalSection(ProjectConfigurationPlatforms) = postSolution
		{367A439C-BB4C-4A2C-BE78-5301EBAC678A}.Debug|Any CPU.ActiveCfg = Debug|Any CPU
		{367A439C-BB4C-4A2C-BE78-5301EBAC678A}.Debug|Any CPU.Build.0 = Debug|Any CPU
		{367A439C-BB4C-4A2C-BE78-5301EBAC678A}.Release|Any CPU.ActiveCfg = Release|Any CPU
		{367A439C-BB4C-4A2C-BE78-5301EBAC678A}.Release|Any CPU.Build.0 = Release|Any CPU
	EndGlobalSection
	GlobalSection(SolutionProperties) = preSolution
		HideSolutionNode = FALSE
	EndGlobalSection
	GlobalSection(ExtensibilityGlobals) = postSolution
		SolutionGuid = {5F50CE65-6D26-4AA9-8102-054A97B8AF1A}
	EndGlobalSection
EndGlobal
